
Microsoft Visual Studio Solution File, Format Version 12.00
# Visual Studio Version 17
VisualStudioVersion = 17.10.34804.81
MinimumVisualStudioVersion = 10.0.40219.1
Project("{9A19103F-16F7-4668-BE54-9A1E7A4F7556}") = "LauncherApp", "PPProject\LauncherApp.csproj", "{195192BE-F5D3-481E-AA21-FA3D7D983901}"
EndProject
Project("{FAE04EC0-301F-11D3-BF4B-00C04F79EFBC}") = "BaseServer", "BaseServer\BaseServer.csproj", "{2B23F3EE-C69E-4C91-AFA7-535EFF5DEA88}"
EndProject
Global
	GlobalSection(SolutionConfigurationPlatforms) = preSolution
		Debug|Any CPU = Debug|Any CPU
		Release|Any CPU = Release|Any CPU
	EndGlobalSection
	GlobalSection(ProjectConfigurationPlatforms) = postSolution
		{195192BE-F5D3-481E-AA21-FA3D7D983901}.Debug|Any CPU.ActiveCfg = Debug|Any CPU
		{195192BE-F5D3-481E-AA21-FA3D7D983901}.Debug|Any CPU.Build.0 = Debug|Any CPU
		{195192BE-F5D3-481E-AA21-FA3D7D983901}.Release|Any CPU.ActiveCfg = Release|Any CPU
		{195192BE-F5D3-481E-AA21-FA3D7D983901}.Release|Any CPU.Build.0 = Release|Any CPU
		{2B23F3EE-C69E-4C91-AFA7-535EFF5DEA88}.Debug|Any CPU.ActiveCfg = Debug|Any CPU
		{2B23F3EE-C69E-4C91-AFA7-535EFF5DEA88}.Debug|Any CPU.Build.0 = Debug|Any CPU
		{2B23F3EE-C69E-4C91-AFA7-535EFF5DEA88}.Release|Any CPU.ActiveCfg = Release|Any CPU
		{2B23F3EE-C69E-4C91-AFA7-535EFF5DEA88}.Release|Any CPU.Build.0 = Release|Any CPU
	EndGlobalSection
	GlobalSection(SolutionProperties) = preSolution
		HideSolutionNode = FALSE
	EndGlobalSection
	GlobalSection(ExtensibilityGlobals) = postSolution
		SolutionGuid = {CAF3DC16-21AB-47E1-AD0C-657CD0BBEB05}
	EndGlobalSection
EndGlobal
